
Microsoft Visual Studio Solution File, Format Version 12.00
# Visual Studio Version 17
VisualStudioVersion = 17.7.34018.315
MinimumVisualStudioVersion = 10.0.40219.1
Project("{9A19103F-16F7-4668-BE54-9A1E7A4F7556}") = "api", "api\api.csproj", "{DE143406-6948-4331-9712-238D9AB7C026}"
EndProject
Project("{9A19103F-16F7-4668-BE54-9A1E7A4F7556}") = "Core", "Core\Core.csproj", "{17E777C3-70FE-4601-BE2D-9AC2F4A2EB39}"
EndProject
Project("{9A19103F-16F7-4668-BE54-9A1E7A4F7556}") = "Infrastructure", "Infrastructure\Infrastructure.csproj", "{023ADA3C-FD92-4268-AC0D-30B7824B4F8F}"
EndProject
Global
	GlobalSection(SolutionConfigurationPlatforms) = preSolution
		Debug|Any CPU = Debug|Any CPU
		Release|Any CPU = Release|Any CPU
	EndGlobalSection
	GlobalSection(ProjectConfigurationPlatforms) = postSolution
		{DE143406-6948-4331-9712-238D9AB7C026}.Debug|Any CPU.ActiveCfg = Debug|Any CPU
		{DE143406-6948-4331-9712-238D9AB7C026}.Debug|Any CPU.Build.0 = Debug|Any CPU
		{DE143406-6948-4331-9712-238D9AB7C026}.Release|Any CPU.ActiveCfg = Release|Any CPU
		{DE143406-6948-4331-9712-238D9AB7C026}.Release|Any CPU.Build.0 = Release|Any CPU
		{17E777C3-70FE-4601-BE2D-9AC2F4A2EB39}.Debug|Any CPU.ActiveCfg = Debug|Any CPU
		{17E777C3-70FE-4601-BE2D-9AC2F4A2EB39}.Debug|Any CPU.Build.0 = Debug|Any CPU
		{17E777C3-70FE-4601-BE2D-9AC2F4A2EB39}.Release|Any CPU.ActiveCfg = Release|Any CPU
		{17E777C3-70FE-4601-BE2D-9AC2F4A2EB39}.Release|Any CPU.Build.0 = Release|Any CPU
		{023ADA3C-FD92-4268-AC0D-30B7824B4F8F}.Debug|Any CPU.ActiveCfg = Debug|Any CPU
		{023ADA3C-FD92-4268-AC0D-30B7824B4F8F}.Debug|Any CPU.Build.0 = Debug|Any CPU
		{023ADA3C-FD92-4268-AC0D-30B7824B4F8F}.Release|Any CPU.ActiveCfg = Release|Any CPU
		{023ADA3C-FD92-4268-AC0D-30B7824B4F8F}.Release|Any CPU.Build.0 = Release|Any CPU
	EndGlobalSection
	GlobalSection(SolutionProperties) = preSolution
		HideSolutionNode = FALSE
	EndGlobalSection
	GlobalSection(ExtensibilityGlobals) = postSolution
		SolutionGuid = {9DA0E2F8-729D-4822-832A-6E6622A1330B}
	EndGlobalSection
EndGlobal
